
Microsoft Visual Studio Solution File, Format Version 12.00
# Visual Studio Version 17
VisualStudioVersion = 17.11.35312.102
MinimumVisualStudioVersion = 10.0.40219.1
Project("{FAE04EC0-301F-11D3-BF4B-00C04F79EFBC}") = "Pracownik", "Pracownik\Pracownik.csproj", "{E499B544-8562-4932-8B69-CF3127A25A41}"
EndProject
Global
	GlobalSection(SolutionConfigurationPlatforms) = preSolution
		Debug|Any CPU = Debug|Any CPU
		Release|Any CPU = Release|Any CPU
	EndGlobalSection
	GlobalSection(ProjectConfigurationPlatforms) = postSolution
		{E499B544-8562-4932-8B69-CF3127A25A41}.Debug|Any CPU.ActiveCfg = Debug|Any CPU
		{E499B544-8562-4932-8B69-CF3127A25A41}.Debug|Any CPU.Build.0 = Debug|Any CPU
		{E499B544-8562-4932-8B69-CF3127A25A41}.Release|Any CPU.ActiveCfg = Release|Any CPU
		{E499B544-8562-4932-8B69-CF3127A25A41}.Release|Any CPU.Build.0 = Release|Any CPU
	EndGlobalSection
	GlobalSection(SolutionProperties) = preSolution
		HideSolutionNode = FALSE
	EndGlobalSection
	GlobalSection(ExtensibilityGlobals) = postSolution
		SolutionGuid = {4ABF849D-CE0F-49AA-94D4-5FB47DE3CF6D}
	EndGlobalSection
EndGlobal
